
Microsoft Visual Studio Solution File, Format Version 12.00
# Visual Studio Version 17
VisualStudioVersion = 17.14.36109.1 d17.14
MinimumVisualStudioVersion = 10.0.40219.1
Project("{FAE04EC0-301F-11D3-BF4B-00C04F79EFBC}") = "registradordetimes", "registradordetimes\registradordetimes.csproj", "{7F7CB773-8A28-460C-9006-22D857FAB978}"
EndProject
Global
	GlobalSection(SolutionConfigurationPlatforms) = preSolution
		Debug|Any CPU = Debug|Any CPU
		Release|Any CPU = Release|Any CPU
	EndGlobalSection
	GlobalSection(ProjectConfigurationPlatforms) = postSolution
		{7F7CB773-8A28-460C-9006-22D857FAB978}.Debug|Any CPU.ActiveCfg = Debug|Any CPU
		{7F7CB773-8A28-460C-9006-22D857FAB978}.Debug|Any CPU.Build.0 = Debug|Any CPU
		{7F7CB773-8A28-460C-9006-22D857FAB978}.Release|Any CPU.ActiveCfg = Release|Any CPU
		{7F7CB773-8A28-460C-9006-22D857FAB978}.Release|Any CPU.Build.0 = Release|Any CPU
	EndGlobalSection
	GlobalSection(SolutionProperties) = preSolution
		HideSolutionNode = FALSE
	EndGlobalSection
	GlobalSection(ExtensibilityGlobals) = postSolution
		SolutionGuid = {1DACE9C5-27DF-484C-A830-5EDBDD84FF59}
	EndGlobalSection
EndGlobal
